
Microsoft Visual Studio Solution File, Format Version 12.00
# Visual Studio Version 17
VisualStudioVersion = 17.9.34728.123
MinimumVisualStudioVersion = 10.0.40219.1
Project("{FAE04EC0-301F-11D3-BF4B-00C04F79EFBC}") = "matura", "matura\matura.csproj", "{57224B75-8856-4DF6-8287-D318E79489AD}"
EndProject
Global
	GlobalSection(SolutionConfigurationPlatforms) = preSolution
		Debug|Any CPU = Debug|Any CPU
		Release|Any CPU = Release|Any CPU
	EndGlobalSection
	GlobalSection(ProjectConfigurationPlatforms) = postSolution
		{57224B75-8856-4DF6-8287-D318E79489AD}.Debug|Any CPU.ActiveCfg = Debug|Any CPU
		{57224B75-8856-4DF6-8287-D318E79489AD}.Debug|Any CPU.Build.0 = Debug|Any CPU
		{57224B75-8856-4DF6-8287-D318E79489AD}.Release|Any CPU.ActiveCfg = Release|Any CPU
		{57224B75-8856-4DF6-8287-D318E79489AD}.Release|Any CPU.Build.0 = Release|Any CPU
	EndGlobalSection
	GlobalSection(SolutionProperties) = preSolution
		HideSolutionNode = FALSE
	EndGlobalSection
	GlobalSection(ExtensibilityGlobals) = postSolution
		SolutionGuid = {3486C4D2-0663-4617-B56A-A9BDFCCDF382}
	EndGlobalSection
EndGlobal
