
Microsoft Visual Studio Solution File, Format Version 12.00
# Visual Studio Version 17
VisualStudioVersion = 17.11.35327.3
MinimumVisualStudioVersion = 10.0.40219.1
Project("{FAE04EC0-301F-11D3-BF4B-00C04F79EFBC}") = "matura 2pc", "matura 2pc\matura 2pc.csproj", "{02539C46-A06D-4A70-B923-06D2BF067B8E}"
EndProject
Global
	GlobalSection(SolutionConfigurationPlatforms) = preSolution
		Debug|Any CPU = Debug|Any CPU
		Release|Any CPU = Release|Any CPU
	EndGlobalSection
	GlobalSection(ProjectConfigurationPlatforms) = postSolution
		{02539C46-A06D-4A70-B923-06D2BF067B8E}.Debug|Any CPU.ActiveCfg = Debug|Any CPU
		{02539C46-A06D-4A70-B923-06D2BF067B8E}.Debug|Any CPU.Build.0 = Debug|Any CPU
		{02539C46-A06D-4A70-B923-06D2BF067B8E}.Release|Any CPU.ActiveCfg = Release|Any CPU
		{02539C46-A06D-4A70-B923-06D2BF067B8E}.Release|Any CPU.Build.0 = Release|Any CPU
	EndGlobalSection
	GlobalSection(SolutionProperties) = preSolution
		HideSolutionNode = FALSE
	EndGlobalSection
	GlobalSection(ExtensibilityGlobals) = postSolution
		SolutionGuid = {F73DFFE6-5936-4E4A-B503-D1B1525CAF9E}
	EndGlobalSection
EndGlobal
